{
  "version": 4,
  "terraform_version": "0.14.5",
  "serial": 177,
  "lineage": "dcaad76d-96e5-f966-4fd7-28677c081d7f",
  "outputs": {},
  "resources": [
    {
      "mode": "managed",
      "type": "aws_iam_role",
      "name": "lambda",
      "provider": "provider[\"registry.terraform.io/hashicorp/aws\"]",
      "instances": [
        {
          "schema_version": 0,
          "attributes": {
            "arn": "arn:aws:iam::504084586672:role/iam_for_lambda",
            "assume_role_policy": "{\"Version\":\"2012-10-17\",\"Statement\":[{\"Sid\":\"\",\"Effect\":\"Allow\",\"Principal\":{\"Service\":\"lambda.amazonaws.com\"},\"Action\":\"sts:AssumeRole\"}]}",
            "create_date": "2022-01-30T01:25:40Z",
            "description": "",
            "force_detach_policies": false,
            "id": "iam_for_lambda",
            "inline_policy": [
              {
                "name": "",
                "policy": ""
              }
            ],
            "managed_policy_arns": [],
            "max_session_duration": 3600,
            "name": "iam_for_lambda",
            "name_prefix": "",
            "path": "/",
            "permissions_boundary": null,
            "tags": {},
            "tags_all": {},
            "unique_id": "AROAXKXOIMCYC3LVTPC26"
          },
          "sensitive_attributes": [],
          "private": "bnVsbA=="
        }
      ]
    },
    {
      "mode": "managed",
      "type": "aws_s3_bucket",
      "name": "artifacts",
      "provider": "provider[\"registry.terraform.io/hashicorp/aws\"]",
      "instances": [
        {
          "schema_version": 0,
          "attributes": {
            "acceleration_status": "",
            "acl": "private",
            "arn": "arn:aws:s3:::somos-download-artifacts",
            "bucket": "somos-download-artifacts",
            "bucket_domain_name": "somos-download-artifacts.s3.amazonaws.com",
            "bucket_prefix": null,
            "bucket_regional_domain_name": "somos-download-artifacts.s3.us-west-2.amazonaws.com",
            "cors_rule": [],
            "force_destroy": false,
            "grant": [],
            "hosted_zone_id": "Z3BJ6K6RIION7M",
            "id": "somos-download-artifacts",
            "lifecycle_rule": [],
            "logging": [],
            "object_lock_configuration": [],
            "policy": "{\"Statement\":[{\"Action\":[\"s3:GetObject\"],\"Effect\":\"Allow\",\"Principal\":\"*\",\"Resource\":[\"arn:aws:s3:::somos-download-artifacts/*\"],\"Sid\":\"AddPerm\"}],\"Version\":\"2012-10-17\"}",
            "region": "us-west-2",
            "replication_configuration": [],
            "request_payer": "BucketOwner",
            "server_side_encryption_configuration": [],
            "tags": {
              "Environment": "prod",
              "Name": "somos"
            },
            "tags_all": {
              "Environment": "prod",
              "Name": "somos"
            },
            "versioning": [
              {
                "enabled": false,
                "mfa_delete": false
              }
            ],
            "website": [],
            "website_domain": null,
            "website_endpoint": null
          },
          "sensitive_attributes": [],
          "private": "bnVsbA=="
        }
      ]
    },
    {
      "mode": "managed",
      "type": "aws_s3_bucket_object",
      "name": "object",
      "provider": "provider[\"registry.terraform.io/hashicorp/aws\"]",
      "instances": [
        {
          "schema_version": 0,
          "attributes": {
            "acl": "private",
            "bucket": "somos-download-artifacts",
            "bucket_key_enabled": false,
            "cache_control": "",
            "content": null,
            "content_base64": null,
            "content_disposition": "",
            "content_encoding": "",
            "content_language": "",
            "content_type": "binary/octet-stream",
            "etag": "bf970635fecb834f3c44ccdf519cd647-17",
            "force_destroy": false,
            "id": "01/01.zip",
            "key": "01/01.zip",
            "kms_key_id": null,
            "metadata": {},
            "object_lock_legal_hold_status": "",
            "object_lock_mode": "",
            "object_lock_retain_until_date": "",
            "server_side_encryption": "",
            "source": "artifacts/01/01.zip",
            "source_hash": null,
            "storage_class": "STANDARD",
            "tags": {},
            "tags_all": {},
            "version_id": "",
            "website_redirect": ""
          },
          "sensitive_attributes": [],
          "private": "bnVsbA==",
          "dependencies": [
            "aws_s3_bucket.artifacts"
          ]
        }
      ]
    },
    {
      "module": "module.lambda",
      "mode": "managed",
      "type": "aws_lambda_alias",
      "name": "main_lambda_ae21cb3a410790d2",
      "provider": "provider[\"registry.terraform.io/hashicorp/aws\"]",
      "instances": [
        {
          "schema_version": 0,
          "attributes": {
            "arn": "arn:aws:lambda:us-west-2:504084586672:function:MainDefault:ae21cb3a410790d2043f0bdba0f993bff15bab54",
            "description": "Managed by Scalambda. The name of this alias is the version of the code that this function is using. It is either a version of a commit SHA.",
            "function_name": "MainDefault",
            "function_version": "7",
            "id": "arn:aws:lambda:us-west-2:504084586672:function:MainDefault:ae21cb3a410790d2043f0bdba0f993bff15bab54",
            "invoke_arn": "arn:aws:apigateway:us-west-2:lambda:path/2015-03-31/functions/arn:aws:lambda:us-west-2:504084586672:function:MainDefault:ae21cb3a410790d2043f0bdba0f993bff15bab54/invocations",
            "name": "ae21cb3a410790d2043f0bdba0f993bff15bab54",
            "routing_config": []
          },
          "sensitive_attributes": [],
          "private": "bnVsbA==",
          "dependencies": [
            "aws_iam_role.lambda",
            "module.lambda.aws_lambda_function.main_lambda",
            "module.lambda.aws_lambda_layer_version.dependency_layer",
            "module.lambda.aws_s3_bucket.somos_download_lambda",
            "module.lambda.aws_s3_bucket_object.dependencies",
            "module.lambda.aws_s3_bucket_object.sources"
          ]
        }
      ]
    },
    {
      "module": "module.lambda",
      "mode": "managed",
      "type": "aws_lambda_function",
      "name": "main_lambda",
      "provider": "provider[\"registry.terraform.io/hashicorp/aws\"]",
      "instances": [
        {
          "schema_version": 0,
          "attributes": {
            "architectures": [
              "x86_64"
            ],
            "arn": "arn:aws:lambda:us-west-2:504084586672:function:MainDefault",
            "code_signing_config_arn": "",
            "dead_letter_config": [],
            "description": "",
            "environment": [
              {
                "variables": {
                  "SCALAMBDA_VERSION": "ae21cb3a410790d2043f0bdba0f993bff15bab54"
                }
              }
            ],
            "file_system_config": [],
            "filename": null,
            "function_name": "MainDefault",
            "handler": "world.somos.download.Main::handler",
            "id": "MainDefault",
            "image_config": [],
            "image_uri": "",
            "invoke_arn": "arn:aws:apigateway:us-west-2:lambda:path/2015-03-31/functions/arn:aws:lambda:us-west-2:504084586672:function:MainDefault/invocations",
            "kms_key_arn": "",
            "last_modified": "2022-01-30T21:08:03.000+0000",
            "layers": [
              "arn:aws:lambda:us-west-2:504084586672:layer:download_assembled_dependencies:7"
            ],
            "memory_size": 1536,
            "package_type": "Zip",
            "publish": true,
            "qualified_arn": "arn:aws:lambda:us-west-2:504084586672:function:MainDefault:7",
            "reserved_concurrent_executions": -1,
            "role": "arn:aws:iam::504084586672:role/iam_for_lambda",
            "runtime": "java11",
            "s3_bucket": "somos-download-lambda-default",
            "s3_key": "sources.jar",
            "s3_object_version": "",
            "signing_job_arn": "",
            "signing_profile_version_arn": "",
            "source_code_hash": "b5EBh9CGY/dGEDFFXY/M8nRFSnEOxof1EaC+1fvanPA=",
            "source_code_size": 85009180,
            "tags": {},
            "tags_all": {},
            "timeout": 900,
            "timeouts": null,
            "tracing_config": [
              {
                "mode": "PassThrough"
              }
            ],
            "version": "7",
            "vpc_config": []
          },
          "sensitive_attributes": [],
          "private": "eyJlMmJmYjczMC1lY2FhLTExZTYtOGY4OC0zNDM2M2JjN2M0YzAiOnsiY3JlYXRlIjo2MDAwMDAwMDAwMDB9fQ==",
          "dependencies": [
            "aws_iam_role.lambda",
            "module.lambda.aws_lambda_layer_version.dependency_layer",
            "module.lambda.aws_s3_bucket.somos_download_lambda",
            "module.lambda.aws_s3_bucket_object.dependencies",
            "module.lambda.aws_s3_bucket_object.sources"
          ]
        }
      ]
    },
    {
      "module": "module.lambda",
      "mode": "managed",
      "type": "aws_lambda_layer_version",
      "name": "dependency_layer",
      "provider": "provider[\"registry.terraform.io/hashicorp/aws\"]",
      "instances": [
        {
          "schema_version": 0,
          "attributes": {
            "arn": "arn:aws:lambda:us-west-2:504084586672:layer:download_assembled_dependencies:7",
            "compatible_architectures": null,
            "compatible_runtimes": [
              "java11",
              "java8"
            ],
            "created_date": "2022-01-30T21:07:31.210+0000",
            "description": "thick dependency layer created by Scalambda",
            "filename": null,
            "id": "arn:aws:lambda:us-west-2:504084586672:layer:download_assembled_dependencies:7",
            "layer_arn": "arn:aws:lambda:us-west-2:504084586672:layer:download_assembled_dependencies",
            "layer_name": "download_assembled_dependencies",
            "license_info": "",
            "s3_bucket": "somos-download-lambda-default",
            "s3_key": "dependencies.zip",
            "s3_object_version": "",
            "signing_job_arn": "",
            "signing_profile_version_arn": "",
            "skip_destroy": false,
            "source_code_hash": "d1+uUQBVMIAIpq7ofv/HDn8FHJE0rEAoHFaTsnGPtz4=",
            "source_code_size": 24208033,
            "version": "7"
          },
          "sensitive_attributes": [],
          "private": "bnVsbA==",
          "dependencies": [
            "module.lambda.aws_s3_bucket.somos_download_lambda",
            "module.lambda.aws_s3_bucket_object.dependencies"
          ]
        }
      ]
    },
    {
      "module": "module.lambda",
      "mode": "managed",
      "type": "aws_s3_bucket",
      "name": "somos_download_lambda",
      "provider": "provider[\"registry.terraform.io/hashicorp/aws\"]",
      "instances": [
        {
          "schema_version": 0,
          "attributes": {
            "acceleration_status": "",
            "acl": "private",
            "arn": "arn:aws:s3:::somos-download-lambda-default",
            "bucket": "somos-download-lambda-default",
            "bucket_domain_name": "somos-download-lambda-default.s3.amazonaws.com",
            "bucket_prefix": null,
            "bucket_regional_domain_name": "somos-download-lambda-default.s3.us-west-2.amazonaws.com",
            "cors_rule": [],
            "force_destroy": true,
            "grant": [],
            "hosted_zone_id": "Z3BJ6K6RIION7M",
            "id": "somos-download-lambda-default",
            "lifecycle_rule": [],
            "logging": [],
            "object_lock_configuration": [],
            "policy": null,
            "region": "us-west-2",
            "replication_configuration": [],
            "request_payer": "BucketOwner",
            "server_side_encryption_configuration": [],
            "tags": {},
            "tags_all": {},
            "versioning": [
              {
                "enabled": false,
                "mfa_delete": false
              }
            ],
            "website": [],
            "website_domain": null,
            "website_endpoint": null
          },
          "sensitive_attributes": [],
          "private": "bnVsbA=="
        }
      ]
    },
    {
      "module": "module.lambda",
      "mode": "managed",
      "type": "aws_s3_bucket_object",
      "name": "dependencies",
      "provider": "provider[\"registry.terraform.io/hashicorp/aws\"]",
      "instances": [
        {
          "schema_version": 0,
          "attributes": {
            "acl": "private",
            "bucket": "somos-download-lambda-default",
            "bucket_key_enabled": false,
            "cache_control": "",
            "content": null,
            "content_base64": null,
            "content_disposition": "",
            "content_encoding": "",
            "content_language": "",
            "content_type": "binary/octet-stream",
            "etag": "0d88c4be74f6afcdba00bce61bb2edc2-5",
            "force_destroy": false,
            "id": "dependencies.zip",
            "key": "dependencies.zip",
            "kms_key_id": null,
            "metadata": {},
            "object_lock_legal_hold_status": "",
            "object_lock_mode": "",
            "object_lock_retain_until_date": "",
            "server_side_encryption": "",
            "source": "../download/target/terraform/dependencies.zip",
            "source_hash": null,
            "storage_class": "STANDARD",
            "tags": {},
            "tags_all": {},
            "version_id": "",
            "website_redirect": ""
          },
          "sensitive_attributes": [],
          "private": "bnVsbA==",
          "dependencies": [
            "module.lambda.aws_s3_bucket.somos_download_lambda"
          ]
        }
      ]
    },
    {
      "module": "module.lambda",
      "mode": "managed",
      "type": "aws_s3_bucket_object",
      "name": "sources",
      "provider": "provider[\"registry.terraform.io/hashicorp/aws\"]",
      "instances": [
        {
          "schema_version": 0,
          "attributes": {
            "acl": "private",
            "bucket": "somos-download-lambda-default",
            "bucket_key_enabled": false,
            "cache_control": "",
            "content": null,
            "content_base64": null,
            "content_disposition": "",
            "content_encoding": "",
            "content_language": "",
            "content_type": "binary/octet-stream",
            "etag": "11ed156e2f51bce1733af1bd6ad2fabf-17",
            "force_destroy": false,
            "id": "sources.jar",
            "key": "sources.jar",
            "kms_key_id": null,
            "metadata": {},
            "object_lock_legal_hold_status": "",
            "object_lock_mode": "",
            "object_lock_retain_until_date": "",
            "server_side_encryption": "",
            "source": "../download/target/terraform/sources.jar",
            "source_hash": null,
            "storage_class": "STANDARD",
            "tags": {},
            "tags_all": {},
            "version_id": "",
            "website_redirect": ""
          },
          "sensitive_attributes": [],
          "private": "bnVsbA==",
          "dependencies": [
            "module.lambda.aws_s3_bucket.somos_download_lambda"
          ]
        }
      ]
    }
  ]
}
